
Microsoft Visual Studio Solution File, Format Version 12.00
# Visual Studio Version 17
VisualStudioVersion = 17.9.34622.214
MinimumVisualStudioVersion = 10.0.40219.1
Project("{9A19103F-16F7-4668-BE54-9A1E7A4F7556}") = "SpotlessSolutions.Web", "SpotlessSolutions.Web\SpotlessSolutions.Web.csproj", "{B6172EAA-794B-4999-8E0C-98176FC2A00C}"
EndProject
Project("{9A19103F-16F7-4668-BE54-9A1E7A4F7556}") = "SpotlessSolutions.Worker.MessageContracts", "SpotlessSolutions.Worker.MessageContracts\SpotlessSolutions.Worker.MessageContracts.csproj", "{15A716DA-AF1B-4C86-9561-FEDD40620C06}"
EndProject
Project("{2150E333-8FDC-42A3-9474-1A3956D46DE8}") = "Workers", "Workers", "{69A8B0E2-6DE7-47C1-B211-5B815C0985C5}"
EndProject
Project("{9A19103F-16F7-4668-BE54-9A1E7A4F7556}") = "SpotlessSolutions.Worker.MailRailgun", "SpotlessSolutions.Worker.MailRailgun\SpotlessSolutions.Worker.MailRailgun.csproj", "{CFE45BFA-D0BD-4C59-8F3E-6B06FB37946A}"
EndProject
Project("{2150E333-8FDC-42A3-9474-1A3956D46DE8}") = "Solution Files", "Solution Files", "{3152A07A-F47C-4549-8DA6-A23584F8CC03}"
	ProjectSection(SolutionItems) = preProject
		docker-compose.yml = docker-compose.yml
		LICENSE = LICENSE
		README.md = README.md
	EndProjectSection
EndProject
Project("{2150E333-8FDC-42A3-9474-1A3956D46DE8}") = "Services Library", "Services Library", "{2D948992-D03A-4C65-BA39-9AAEA5C11071}"
EndProject
Project("{FAE04EC0-301F-11D3-BF4B-00C04F79EFBC}") = "SpotlessSolutions.ServiceLibrarySdk", "SpotlessSolutions.ServiceLibrarySdk\SpotlessSolutions.ServiceLibrarySdk.csproj", "{607FBC70-E525-43A2-91E2-574F372673E2}"
EndProject
Project("{FAE04EC0-301F-11D3-BF4B-00C04F79EFBC}") = "SpotlessSolutions.ServiceLibrary.Main.Bundle", "SpotlessSolutions.ServicesLibrary.Main.Bundle\SpotlessSolutions.ServiceLibrary.Main.Bundle.csproj", "{D755CFA8-443E-4C3B-B742-8A476102658A}"
EndProject
Project("{FAE04EC0-301F-11D3-BF4B-00C04F79EFBC}") = "SpotlessSolutions.ServiceLibrary.Addons.Bundle", "SpotlessSolutions.ServiceLibrary.Addons.Bundle\SpotlessSolutions.ServiceLibrary.Addons.Bundle.csproj", "{12FB534B-8A15-42D0-A1F1-26D80FCB07AD}"
EndProject
Project("{2150E333-8FDC-42A3-9474-1A3956D46DE8}") = "Data Buckets", "Data Buckets", "{36638CC6-FAC2-4978-91F7-5FFBF4131357}"
EndProject
Project("{FAE04EC0-301F-11D3-BF4B-00C04F79EFBC}") = "SpotlessSolutions.DataBucketSdk", "SpotlessSolutions.DataBucketSdk\SpotlessSolutions.DataBucketSdk.csproj", "{A365F489-2A29-4FC6-8232-6B924A3E212B}"
EndProject
Project("{FAE04EC0-301F-11D3-BF4B-00C04F79EFBC}") = "SpotlessSolutions.DataBuckets.BlobStorage", "SpotlessSolutions.DataBuckets.BlobStorage\SpotlessSolutions.DataBuckets.BlobStorage.csproj", "{F21A09F6-9486-4C62-A9AC-C7C9EC32925A}"
EndProject
Global
	GlobalSection(SolutionConfigurationPlatforms) = preSolution
		Debug|Any CPU = Debug|Any CPU
		Release|Any CPU = Release|Any CPU
	EndGlobalSection
	GlobalSection(ProjectConfigurationPlatforms) = postSolution
		{B6172EAA-794B-4999-8E0C-98176FC2A00C}.Debug|Any CPU.ActiveCfg = Debug|Any CPU
		{B6172EAA-794B-4999-8E0C-98176FC2A00C}.Debug|Any CPU.Build.0 = Debug|Any CPU
		{B6172EAA-794B-4999-8E0C-98176FC2A00C}.Release|Any CPU.ActiveCfg = Release|Any CPU
		{B6172EAA-794B-4999-8E0C-98176FC2A00C}.Release|Any CPU.Build.0 = Release|Any CPU
		{15A716DA-AF1B-4C86-9561-FEDD40620C06}.Debug|Any CPU.ActiveCfg = Debug|Any CPU
		{15A716DA-AF1B-4C86-9561-FEDD40620C06}.Debug|Any CPU.Build.0 = Debug|Any CPU
		{15A716DA-AF1B-4C86-9561-FEDD40620C06}.Release|Any CPU.ActiveCfg = Release|Any CPU
		{15A716DA-AF1B-4C86-9561-FEDD40620C06}.Release|Any CPU.Build.0 = Release|Any CPU
		{CFE45BFA-D0BD-4C59-8F3E-6B06FB37946A}.Debug|Any CPU.ActiveCfg = Debug|Any CPU
		{CFE45BFA-D0BD-4C59-8F3E-6B06FB37946A}.Debug|Any CPU.Build.0 = Debug|Any CPU
		{CFE45BFA-D0BD-4C59-8F3E-6B06FB37946A}.Release|Any CPU.ActiveCfg = Release|Any CPU
		{CFE45BFA-D0BD-4C59-8F3E-6B06FB37946A}.Release|Any CPU.Build.0 = Release|Any CPU
		{607FBC70-E525-43A2-91E2-574F372673E2}.Debug|Any CPU.ActiveCfg = Debug|Any CPU
		{607FBC70-E525-43A2-91E2-574F372673E2}.Debug|Any CPU.Build.0 = Debug|Any CPU
		{607FBC70-E525-43A2-91E2-574F372673E2}.Release|Any CPU.ActiveCfg = Release|Any CPU
		{607FBC70-E525-43A2-91E2-574F372673E2}.Release|Any CPU.Build.0 = Release|Any CPU
		{D755CFA8-443E-4C3B-B742-8A476102658A}.Debug|Any CPU.ActiveCfg = Debug|Any CPU
		{D755CFA8-443E-4C3B-B742-8A476102658A}.Debug|Any CPU.Build.0 = Debug|Any CPU
		{D755CFA8-443E-4C3B-B742-8A476102658A}.Release|Any CPU.ActiveCfg = Release|Any CPU
		{D755CFA8-443E-4C3B-B742-8A476102658A}.Release|Any CPU.Build.0 = Release|Any CPU
		{12FB534B-8A15-42D0-A1F1-26D80FCB07AD}.Debug|Any CPU.ActiveCfg = Debug|Any CPU
		{12FB534B-8A15-42D0-A1F1-26D80FCB07AD}.Debug|Any CPU.Build.0 = Debug|Any CPU
		{12FB534B-8A15-42D0-A1F1-26D80FCB07AD}.Release|Any CPU.ActiveCfg = Release|Any CPU
		{12FB534B-8A15-42D0-A1F1-26D80FCB07AD}.Release|Any CPU.Build.0 = Release|Any CPU
		{A365F489-2A29-4FC6-8232-6B924A3E212B}.Debug|Any CPU.ActiveCfg = Debug|Any CPU
		{A365F489-2A29-4FC6-8232-6B924A3E212B}.Debug|Any CPU.Build.0 = Debug|Any CPU
		{A365F489-2A29-4FC6-8232-6B924A3E212B}.Release|Any CPU.ActiveCfg = Release|Any CPU
		{A365F489-2A29-4FC6-8232-6B924A3E212B}.Release|Any CPU.Build.0 = Release|Any CPU
		{F21A09F6-9486-4C62-A9AC-C7C9EC32925A}.Debug|Any CPU.ActiveCfg = Debug|Any CPU
		{F21A09F6-9486-4C62-A9AC-C7C9EC32925A}.Debug|Any CPU.Build.0 = Debug|Any CPU
		{F21A09F6-9486-4C62-A9AC-C7C9EC32925A}.Release|Any CPU.ActiveCfg = Release|Any CPU
		{F21A09F6-9486-4C62-A9AC-C7C9EC32925A}.Release|Any CPU.Build.0 = Release|Any CPU
	EndGlobalSection
	GlobalSection(SolutionProperties) = preSolution
		HideSolutionNode = FALSE
	EndGlobalSection
	GlobalSection(NestedProjects) = preSolution
		{15A716DA-AF1B-4C86-9561-FEDD40620C06} = {69A8B0E2-6DE7-47C1-B211-5B815C0985C5}
		{CFE45BFA-D0BD-4C59-8F3E-6B06FB37946A} = {69A8B0E2-6DE7-47C1-B211-5B815C0985C5}
		{607FBC70-E525-43A2-91E2-574F372673E2} = {2D948992-D03A-4C65-BA39-9AAEA5C11071}
		{D755CFA8-443E-4C3B-B742-8A476102658A} = {2D948992-D03A-4C65-BA39-9AAEA5C11071}
		{12FB534B-8A15-42D0-A1F1-26D80FCB07AD} = {2D948992-D03A-4C65-BA39-9AAEA5C11071}
		{A365F489-2A29-4FC6-8232-6B924A3E212B} = {36638CC6-FAC2-4978-91F7-5FFBF4131357}
		{F21A09F6-9486-4C62-A9AC-C7C9EC32925A} = {36638CC6-FAC2-4978-91F7-5FFBF4131357}
	EndGlobalSection
	GlobalSection(ExtensibilityGlobals) = postSolution
		SolutionGuid = {9F08D0E3-5F16-4945-9897-A63D3CEEBA4C}
	EndGlobalSection
EndGlobal
